
Microsoft Visual Studio Solution File, Format Version 12.00
# Visual Studio 15
VisualStudioVersion = 15.0.28010.2019
MinimumVisualStudioVersion = 10.0.40219.1
Project("{FAE04EC0-301F-11D3-BF4B-00C04F79EFBC}") = "CensusUploader", "CensusUploader\CensusUploader.csproj", "{8D7704C9-F2CB-4FA9-B537-518E5AFBC370}"
EndProject
Global
	GlobalSection(SolutionConfigurationPlatforms) = preSolution
		Debug|Any CPU = Debug|Any CPU
		Release|Any CPU = Release|Any CPU
	EndGlobalSection
	GlobalSection(ProjectConfigurationPlatforms) = postSolution
		{8D7704C9-F2CB-4FA9-B537-518E5AFBC370}.Debug|Any CPU.ActiveCfg = Debug|Any CPU
		{8D7704C9-F2CB-4FA9-B537-518E5AFBC370}.Debug|Any CPU.Build.0 = Debug|Any CPU
		{8D7704C9-F2CB-4FA9-B537-518E5AFBC370}.Release|Any CPU.ActiveCfg = Release|Any CPU
		{8D7704C9-F2CB-4FA9-B537-518E5AFBC370}.Release|Any CPU.Build.0 = Release|Any CPU
	EndGlobalSection
	GlobalSection(SolutionProperties) = preSolution
		HideSolutionNode = FALSE
	EndGlobalSection
	GlobalSection(ExtensibilityGlobals) = postSolution
		SolutionGuid = {2C09FBC9-13A2-48BF-AEE0-2A573E069421}
	EndGlobalSection
EndGlobal
